
Microsoft Visual Studio Solution File, Format Version 12.00
# Visual Studio 15
VisualStudioVersion = 15.0.27703.2035
MinimumVisualStudioVersion = 10.0.40219.1
Project("{FAE04EC0-301F-11D3-BF4B-00C04F79EFBC}") = "WalletAPI", "WalletAPI\WalletAPI.csproj", "{F5D3BCFB-FF49-4376-ADEC-C06A21A6EE96}"
EndProject
Project("{FAE04EC0-301F-11D3-BF4B-00C04F79EFBC}") = "WalletComponent", "WalletComponent\WalletComponent.csproj", "{D8409B40-1BBB-4B2C-A606-F1DA266566EF}"
EndProject
Global
	GlobalSection(SolutionConfigurationPlatforms) = preSolution
		Debug|Any CPU = Debug|Any CPU
		Release|Any CPU = Release|Any CPU
	EndGlobalSection
	GlobalSection(ProjectConfigurationPlatforms) = postSolution
		{F5D3BCFB-FF49-4376-ADEC-C06A21A6EE96}.Debug|Any CPU.ActiveCfg = Debug|Any CPU
		{F5D3BCFB-FF49-4376-ADEC-C06A21A6EE96}.Debug|Any CPU.Build.0 = Debug|Any CPU
		{F5D3BCFB-FF49-4376-ADEC-C06A21A6EE96}.Release|Any CPU.ActiveCfg = Release|Any CPU
		{F5D3BCFB-FF49-4376-ADEC-C06A21A6EE96}.Release|Any CPU.Build.0 = Release|Any CPU
		{D8409B40-1BBB-4B2C-A606-F1DA266566EF}.Debug|Any CPU.ActiveCfg = Debug|Any CPU
		{D8409B40-1BBB-4B2C-A606-F1DA266566EF}.Debug|Any CPU.Build.0 = Debug|Any CPU
		{D8409B40-1BBB-4B2C-A606-F1DA266566EF}.Release|Any CPU.ActiveCfg = Release|Any CPU
		{D8409B40-1BBB-4B2C-A606-F1DA266566EF}.Release|Any CPU.Build.0 = Release|Any CPU
	EndGlobalSection
	GlobalSection(SolutionProperties) = preSolution
		HideSolutionNode = FALSE
	EndGlobalSection
	GlobalSection(ExtensibilityGlobals) = postSolution
		SolutionGuid = {C0684A1C-5EC4-44E6-B613-A13D6B6F6D1B}
	EndGlobalSection
EndGlobal
